
Microsoft Visual Studio Solution File, Format Version 12.00
# Visual Studio 14
VisualStudioVersion = 14.0.23107.0
MinimumVisualStudioVersion = 10.0.40219.1
Project("{FAE04EC0-301F-11D3-BF4B-00C04F79EFBC}") = "SpreadsheetUtilities", "SpreadsheetUtilities\SpreadsheetUtilities.csproj", "{C21928A1-E3E8-4961-A18F-5FADB1434AAE}"
EndProject
Project("{FAE04EC0-301F-11D3-BF4B-00C04F79EFBC}") = "DevelopmentTests", "DevelopmentTests\DevelopmentTests.csproj", "{A1B92156-5E55-40A9-B087-8D74CD8AD92E}"
EndProject
Global
	GlobalSection(SolutionConfigurationPlatforms) = preSolution
		Debug|Any CPU = Debug|Any CPU
		Release|Any CPU = Release|Any CPU
	EndGlobalSection
	GlobalSection(ProjectConfigurationPlatforms) = postSolution
		{C21928A1-E3E8-4961-A18F-5FADB1434AAE}.Debug|Any CPU.ActiveCfg = Debug|Any CPU
		{C21928A1-E3E8-4961-A18F-5FADB1434AAE}.Debug|Any CPU.Build.0 = Debug|Any CPU
		{C21928A1-E3E8-4961-A18F-5FADB1434AAE}.Release|Any CPU.ActiveCfg = Release|Any CPU
		{C21928A1-E3E8-4961-A18F-5FADB1434AAE}.Release|Any CPU.Build.0 = Release|Any CPU
		{A1B92156-5E55-40A9-B087-8D74CD8AD92E}.Debug|Any CPU.ActiveCfg = Debug|Any CPU
		{A1B92156-5E55-40A9-B087-8D74CD8AD92E}.Debug|Any CPU.Build.0 = Debug|Any CPU
		{A1B92156-5E55-40A9-B087-8D74CD8AD92E}.Release|Any CPU.ActiveCfg = Release|Any CPU
		{A1B92156-5E55-40A9-B087-8D74CD8AD92E}.Release|Any CPU.Build.0 = Release|Any CPU
	EndGlobalSection
	GlobalSection(SolutionProperties) = preSolution
		HideSolutionNode = FALSE
	EndGlobalSection
EndGlobal
